Microsoft Visual Studio Solution File, Format Version 12.00
# Visual Studio Version 17
VisualStudioVersion = 17.5.2.0
MinimumVisualStudioVersion = 10.0.40219.1
Project("{2150E333-8FDC-42A3-9474-1A3956D46DE8}") = "Tausync_Windows", "Tausync_Windows", "{7977EC52-19EE-B58A-E728-B42A917C99BC}"
EndProject
Project("{FAE04EC0-301F-11D3-BF4B-00C04F79EFBC}") = "TauSync.Lib", "Tausync_Windows\TauSync.Lib\TauSync.Lib.csproj", "{7661E226-496C-EA86-55D4-5D08BDBDA5FD}"
EndProject
Global
	GlobalSection(SolutionConfigurationPlatforms) = preSolution
		Debug|Any CPU = Debug|Any CPU
		Release|Any CPU = Release|Any CPU
	EndGlobalSection
	GlobalSection(ProjectConfigurationPlatforms) = postSolution
		{7661E226-496C-EA86-55D4-5D08BDBDA5FD}.Debug|Any CPU.ActiveCfg = Debug|Any CPU
		{7661E226-496C-EA86-55D4-5D08BDBDA5FD}.Debug|Any CPU.Build.0 = Debug|Any CPU
		{7661E226-496C-EA86-55D4-5D08BDBDA5FD}.Release|Any CPU.ActiveCfg = Release|Any CPU
		{7661E226-496C-EA86-55D4-5D08BDBDA5FD}.Release|Any CPU.Build.0 = Release|Any CPU
	EndGlobalSection
	GlobalSection(SolutionProperties) = preSolution
		HideSolutionNode = FALSE
	EndGlobalSection
	GlobalSection(NestedProjects) = preSolution
		{7661E226-496C-EA86-55D4-5D08BDBDA5FD} = {7977EC52-19EE-B58A-E728-B42A917C99BC}
	EndGlobalSection
	GlobalSection(ExtensibilityGlobals) = postSolution
		SolutionGuid = {396BCF29-A7CF-403A-BEE8-D50E3DCDB856}
	EndGlobalSection
EndGlobal
